
Microsoft Visual Studio Solution File, Format Version 12.00
# Visual Studio 14
VisualStudioVersion = 14.0.24720.0
MinimumVisualStudioVersion = 10.0.40219.1
Project("{FAE04EC0-301F-11D3-BF4B-00C04F79EFBC}") = "RethinkDb.Driver.Tests", "RethinkDb.Driver.Tests\RethinkDb.Driver.Tests.csproj", "{40037F4C-E867-462A-B3E6-AFED77582442}"
EndProject
Project("{FAE04EC0-301F-11D3-BF4B-00C04F79EFBC}") = "RethinkDb.Driver", "RethinkDb.Driver\RethinkDb.Driver.csproj", "{BF0E5A4A-4E2D-48B9-BCAA-054506396524}"
EndProject
Project("{FAE04EC0-301F-11D3-BF4B-00C04F79EFBC}") = "Templates", "Templates\Templates.csproj", "{37C1CCF5-F8DA-4F56-93AB-C2F6BAFB01B4}"
EndProject
Project("{2150E333-8FDC-42A3-9474-1A3956D46DE8}") = "Root", "Root", "{BBBED03D-30BD-4F0F-8724-7541FF090361}"
	ProjectSection(SolutionItems) = preProject
		.editorconfig = .editorconfig
		..\.gitignore = ..\.gitignore
		..\appveyor.yml = ..\appveyor.yml
		..\build.cmd = ..\build.cmd
		..\circle.sh = ..\circle.sh
		..\circle.yml = ..\circle.yml
		..\CONTRIBUTING.md = ..\CONTRIBUTING.md
		..\HISTORY.md = ..\HISTORY.md
		..\LICENSE = ..\LICENSE
		..\README.md = ..\README.md
	EndProjectSection
EndProject
Project("{FAE04EC0-301F-11D3-BF4B-00C04F79EFBC}") = "Builder", "Builder\Builder.csproj", "{594E6C48-5DEF-4C3E-A57C-2A2C544E999E}"
EndProject
Project("{8BB2217D-0F2D-49D1-97BC-3654ED321F3B}") = "RethinkDb.Driver.Dnx", "RethinkDb.Driver\RethinkDb.Driver.Dnx.xproj", "{0E8B7AB8-9224-46DE-8758-79750C2DF94D}"
EndProject
Project("{FAE04EC0-301F-11D3-BF4B-00C04F79EFBC}") = "RethinkDb.Driver.ReGrid", "RethinkDb.Driver.ReGrid\RethinkDb.Driver.ReGrid.csproj", "{D888899B-D030-44D1-9D91-99D57201A048}"
EndProject
Project("{FAE04EC0-301F-11D3-BF4B-00C04F79EFBC}") = "RethinkDb.Driver.ReGrid.CLI", "RethinkDb.Driver.ReGrid.CLI\RethinkDb.Driver.ReGrid.CLI.csproj", "{E4D63A4B-F886-4C29-96FD-11022F4294A2}"
EndProject
Project("{FAE04EC0-301F-11D3-BF4B-00C04F79EFBC}") = "RethinkDb.Driver.ReGrid.Tests", "RethinkDb.Driver.ReGrid.Tests\RethinkDb.Driver.ReGrid.Tests.csproj", "{E25C4B05-EA03-4693-B9A7-C00E5020D95A}"
EndProject
Global
	GlobalSection(SolutionConfigurationPlatforms) = preSolution
		Debug|Any CPU = Debug|Any CPU
		Release|Any CPU = Release|Any CPU
	EndGlobalSection
	GlobalSection(ProjectConfigurationPlatforms) = postSolution
		{40037F4C-E867-462A-B3E6-AFED77582442}.Debug|Any CPU.ActiveCfg = Debug|Any CPU
		{40037F4C-E867-462A-B3E6-AFED77582442}.Debug|Any CPU.Build.0 = Debug|Any CPU
		{40037F4C-E867-462A-B3E6-AFED77582442}.Release|Any CPU.ActiveCfg = Release|Any CPU
		{40037F4C-E867-462A-B3E6-AFED77582442}.Release|Any CPU.Build.0 = Release|Any CPU
		{BF0E5A4A-4E2D-48B9-BCAA-054506396524}.Debug|Any CPU.ActiveCfg = Debug|Any CPU
		{BF0E5A4A-4E2D-48B9-BCAA-054506396524}.Debug|Any CPU.Build.0 = Debug|Any CPU
		{BF0E5A4A-4E2D-48B9-BCAA-054506396524}.Release|Any CPU.ActiveCfg = Release|Any CPU
		{BF0E5A4A-4E2D-48B9-BCAA-054506396524}.Release|Any CPU.Build.0 = Release|Any CPU
		{37C1CCF5-F8DA-4F56-93AB-C2F6BAFB01B4}.Debug|Any CPU.ActiveCfg = Debug|Any CPU
		{37C1CCF5-F8DA-4F56-93AB-C2F6BAFB01B4}.Debug|Any CPU.Build.0 = Debug|Any CPU
		{37C1CCF5-F8DA-4F56-93AB-C2F6BAFB01B4}.Release|Any CPU.ActiveCfg = Release|Any CPU
		{37C1CCF5-F8DA-4F56-93AB-C2F6BAFB01B4}.Release|Any CPU.Build.0 = Release|Any CPU
		{594E6C48-5DEF-4C3E-A57C-2A2C544E999E}.Debug|Any CPU.ActiveCfg = Debug|Any CPU
		{594E6C48-5DEF-4C3E-A57C-2A2C544E999E}.Debug|Any CPU.Build.0 = Debug|Any CPU
		{594E6C48-5DEF-4C3E-A57C-2A2C544E999E}.Release|Any CPU.ActiveCfg = Release|Any CPU
		{594E6C48-5DEF-4C3E-A57C-2A2C544E999E}.Release|Any CPU.Build.0 = Release|Any CPU
		{0E8B7AB8-9224-46DE-8758-79750C2DF94D}.Debug|Any CPU.ActiveCfg = Debug|Any CPU
		{0E8B7AB8-9224-46DE-8758-79750C2DF94D}.Release|Any CPU.ActiveCfg = Release|Any CPU
		{D888899B-D030-44D1-9D91-99D57201A048}.Debug|Any CPU.ActiveCfg = Debug|Any CPU
		{D888899B-D030-44D1-9D91-99D57201A048}.Debug|Any CPU.Build.0 = Debug|Any CPU
		{D888899B-D030-44D1-9D91-99D57201A048}.Release|Any CPU.ActiveCfg = Release|Any CPU
		{D888899B-D030-44D1-9D91-99D57201A048}.Release|Any CPU.Build.0 = Release|Any CPU
		{E4D63A4B-F886-4C29-96FD-11022F4294A2}.Debug|Any CPU.ActiveCfg = Debug|Any CPU
		{E4D63A4B-F886-4C29-96FD-11022F4294A2}.Debug|Any CPU.Build.0 = Debug|Any CPU
		{E4D63A4B-F886-4C29-96FD-11022F4294A2}.Release|Any CPU.ActiveCfg = Release|Any CPU
		{E4D63A4B-F886-4C29-96FD-11022F4294A2}.Release|Any CPU.Build.0 = Release|Any CPU
		{E25C4B05-EA03-4693-B9A7-C00E5020D95A}.Debug|Any CPU.ActiveCfg = Debug|Any CPU
		{E25C4B05-EA03-4693-B9A7-C00E5020D95A}.Debug|Any CPU.Build.0 = Debug|Any CPU
		{E25C4B05-EA03-4693-B9A7-C00E5020D95A}.Release|Any CPU.ActiveCfg = Release|Any CPU
		{E25C4B05-EA03-4693-B9A7-C00E5020D95A}.Release|Any CPU.Build.0 = Release|Any CPU
	EndGlobalSection
	GlobalSection(SolutionProperties) = preSolution
		HideSolutionNode = FALSE
	EndGlobalSection
EndGlobal
