
Microsoft Visual Studio Solution File, Format Version 12.00
# Visual Studio 14
VisualStudioVersion = 14.0.25123.0
MinimumVisualStudioVersion = 10.0.40219.1
Project("{8BB2217D-0F2D-49D1-97BC-3654ED321F3B}") = "RethinkDb.Driver.Dnx", "RethinkDb.Driver\RethinkDb.Driver.Dnx.xproj", "{0E8B7AB8-9224-46DE-8758-79750C2DF94D}"
EndProject
Project("{8BB2217D-0F2D-49D1-97BC-3654ED321F3B}") = "RethinkDb.Driver.ReGrid.Dnx", "RethinkDb.Driver.ReGrid\RethinkDb.Driver.ReGrid.Dnx.xproj", "{CC4B29D4-F0F8-4C84-8797-FF7E1AF73C0C}"
EndProject
Project("{8BB2217D-0F2D-49D1-97BC-3654ED321F3B}") = "RethinkDb.Driver.Linq.Dnx", "RethinkDb.Driver.Linq\RethinkDb.Driver.Linq.Dnx.xproj", "{9CD8EDD7-99A4-441B-9EB5-ADA7F94AC402}"
EndProject
Global
	GlobalSection(SolutionConfigurationPlatforms) = preSolution
		Debug|Any CPU = Debug|Any CPU
		Release|Any CPU = Release|Any CPU
	EndGlobalSection
	GlobalSection(ProjectConfigurationPlatforms) = postSolution
		{0E8B7AB8-9224-46DE-8758-79750C2DF94D}.Debug|Any CPU.ActiveCfg = Debug|Any CPU
		{0E8B7AB8-9224-46DE-8758-79750C2DF94D}.Debug|Any CPU.Build.0 = Debug|Any CPU
		{0E8B7AB8-9224-46DE-8758-79750C2DF94D}.Release|Any CPU.ActiveCfg = Release|Any CPU
		{0E8B7AB8-9224-46DE-8758-79750C2DF94D}.Release|Any CPU.Build.0 = Release|Any CPU
		{CC4B29D4-F0F8-4C84-8797-FF7E1AF73C0C}.Debug|Any CPU.ActiveCfg = Debug|Any CPU
		{CC4B29D4-F0F8-4C84-8797-FF7E1AF73C0C}.Debug|Any CPU.Build.0 = Debug|Any CPU
		{CC4B29D4-F0F8-4C84-8797-FF7E1AF73C0C}.Release|Any CPU.ActiveCfg = Release|Any CPU
		{CC4B29D4-F0F8-4C84-8797-FF7E1AF73C0C}.Release|Any CPU.Build.0 = Release|Any CPU
		{9CD8EDD7-99A4-441B-9EB5-ADA7F94AC402}.Debug|Any CPU.ActiveCfg = Debug|Any CPU
		{9CD8EDD7-99A4-441B-9EB5-ADA7F94AC402}.Debug|Any CPU.Build.0 = Debug|Any CPU
		{9CD8EDD7-99A4-441B-9EB5-ADA7F94AC402}.Release|Any CPU.ActiveCfg = Release|Any CPU
		{9CD8EDD7-99A4-441B-9EB5-ADA7F94AC402}.Release|Any CPU.Build.0 = Release|Any CPU
	EndGlobalSection
	GlobalSection(SolutionProperties) = preSolution
		HideSolutionNode = FALSE
	EndGlobalSection
EndGlobal
